
Microsoft Visual Studio Solution File, Format Version 12.00
# Visual Studio Version 17
VisualStudioVersion = 17.5.33312.197
MinimumVisualStudioVersion = 10.0.40219.1
Project("{9A19103F-16F7-4668-BE54-9A1E7A4F7556}") = "Outloud.Rss", "Outloud.Rss.csproj", "{A87BA54D-BC14-4DF6-896C-9AF0D834FA62}"
EndProject
Global
	GlobalSection(SolutionConfigurationPlatforms) = preSolution
		Debug|Any CPU = Debug|Any CPU
		Release|Any CPU = Release|Any CPU
	EndGlobalSection
	GlobalSection(ProjectConfigurationPlatforms) = postSolution
		{A87BA54D-BC14-4DF6-896C-9AF0D834FA62}.Debug|Any CPU.ActiveCfg = Debug|Any CPU
		{A87BA54D-BC14-4DF6-896C-9AF0D834FA62}.Debug|Any CPU.Build.0 = Debug|Any CPU
		{A87BA54D-BC14-4DF6-896C-9AF0D834FA62}.Release|Any CPU.ActiveCfg = Release|Any CPU
		{A87BA54D-BC14-4DF6-896C-9AF0D834FA62}.Release|Any CPU.Build.0 = Release|Any CPU
	EndGlobalSection
	GlobalSection(SolutionProperties) = preSolution
		HideSolutionNode = FALSE
	EndGlobalSection
	GlobalSection(ExtensibilityGlobals) = postSolution
		SolutionGuid = {4F32AEC8-0283-489D-844E-01B4F7A36EB3}
	EndGlobalSection
EndGlobal
